
Microsoft Visual Studio Solution File, Format Version 12.00
# Visual Studio Version 17
VisualStudioVersion = 17.3.32901.215
MinimumVisualStudioVersion = 10.0.40219.1
Project("{FAE04EC0-301F-11D3-BF4B-00C04F79EFBC}") = "EL.RusIgr.API", "EL.RusIgr.API.csproj", "{5E633470-7406-47CC-AA2F-BA442BEDD659}"
EndProject
Global
	GlobalSection(SolutionConfigurationPlatforms) = preSolution
		Debug|Any CPU = Debug|Any CPU
		Release|Any CPU = Release|Any CPU
	EndGlobalSection
	GlobalSection(ProjectConfigurationPlatforms) = postSolution
		{5E633470-7406-47CC-AA2F-BA442BEDD659}.Debug|Any CPU.ActiveCfg = Debug|Any CPU
		{5E633470-7406-47CC-AA2F-BA442BEDD659}.Debug|Any CPU.Build.0 = Debug|Any CPU
		{5E633470-7406-47CC-AA2F-BA442BEDD659}.Release|Any CPU.ActiveCfg = Release|Any CPU
		{5E633470-7406-47CC-AA2F-BA442BEDD659}.Release|Any CPU.Build.0 = Release|Any CPU
	EndGlobalSection
	GlobalSection(SolutionProperties) = preSolution
		HideSolutionNode = FALSE
	EndGlobalSection
	GlobalSection(ExtensibilityGlobals) = postSolution
		SolutionGuid = {A249FFB6-9315-4A6C-A43F-78C9D8CAFA1F}
	EndGlobalSection
EndGlobal
